{
    "_meta": {
        "hash": {
            "sha256": "66fe83b3eee05cb732ee33dc26976eba8b49ea6a66c9d9a63c17a5a6894b6bd5"
        },
        "pipfile-spec": 6,
        "requires": {
            "python_version": "3.12"
        },
        "sources": [
            {
                "name": "pypi",
                "url": "https://pypi.org/simple",
                "verify_ssl": true
            }
        ]
    },
    "default": {
        "boto3": {
            "hashes": [
                "sha256:0f4089e230d55f981d67376e48cefd41c3d58c7f694480f13288e6ff7b1fefbc",
                "sha256:65f0d98a3786ec729ba9b5f70448895b2d1d1f27949aa7af5cb4f39da341bbc4"
            ],
            "index": "pypi",
            "markers": "python_version >= '3.9'",
            "version": "==1.42.4"
        },
        "botocore": {
            "hashes": [
                "sha256:c3b091fd33809f187824b6434e518b889514ded5164cb379358367c18e8b0d7d",
                "sha256:d4816023492b987a804f693c2d76fb751fdc8755d49933106d69e2489c4c0f98"
            ],
            "index": "pypi",
            "markers": "python_version >= '3.9'",
            "version": "==1.42.4"
        },
        "jmespath": {
            "hashes": [
                "sha256:02e2e4cc71b5bcab88332eebf907519190dd9e6e82107fa7f83b1003a6252980",
                "sha256:90261b206d6defd58fdd5e85f478bf633a2901798906be2ad389150c5c60edbe"
            ],
            "markers": "python_version >= '3.7'",
            "version": "==1.0.1"
        },
        "python-dateutil": {
            "hashes": [
                "sha256:37dd54208da7e1cd875388217d5e00ebd4179249f90fb72437e91a35459a0ad3",
                "sha256:a8b2bc7bffae282281c8140a97d3aa9c14da0b136dfe83f850eea9a5f7470427"
            ],
            "markers": "python_version >= '2.7' and python_version not in '3.0, 3.1, 3.2'",
            "version": "==2.9.0.post0"
        },
        "s3transfer": {
            "hashes": [
                "sha256:18e25d66fed509e3868dc1572b3f427ff947dd2c56f844a5bf09481ad3f3b2fe",
                "sha256:8e990f13268025792229cd52fa10cb7163744bf56e719e0b9cb925ab79abf920"
            ],
            "markers": "python_version >= '3.9'",
            "version": "==0.16.0"
        },
        "shuffle-aws-vaults": {
            "editable": true,
            "file": "."
        },
        "six": {
            "hashes": [
                "sha256:4721f391ed90541fddacab5acf947aa0d3dc7d27b2e1e8eda2be8970586c3274",
                "sha256:ff70335d468e7eb6ec65b95b99d3a2836546063f63acc5171de367e834932a81"
            ],
            "markers": "python_version >= '2.7' and python_version not in '3.0, 3.1, 3.2'",
            "version": "==1.17.0"
        },
        "urllib3": {
            "hashes": [
                "sha256:c90f7a39f716c572c4e3e58509581ebd83f9b59cced005b7db7ad2d22b0db99f",
                "sha256:cb9bcef5a4b345d5da5d145dc3e30834f58e8018828cbc724d30b4cb7d4d49f1"
            ],
            "markers": "python_version >= '3.9'",
            "version": "==2.6.0"
        }
    },
    "develop": {
        "black": {
            "hashes": [
                "sha256:14b3502784f09ce2443830e3133dacf2c0110d45191ed470ecb04d0f5f6fcb0f",
                "sha256:17374989640fbca88b6a448129cd1745c5eb8d9547b464f281b251dd00155ccd",
                "sha256:1c536fcf674217e87b8cc3657b81809d3c085d7bf3ef262ead700da345bfa6ea",
                "sha256:1cbacacb19e922a1d75ef2b6ccaefcd6e93a2c05ede32f06a21386a04cedb981",
                "sha256:1f93102e0c5bb3907451063e08b9876dbeac810e7da5a8bfb7aeb5a9ef89066b",
                "sha256:2cd9c95431d94adc56600710f8813ee27eea544dd118d45896bb734e9d7a0dc7",
                "sha256:30d2c30dc5139211dda799758559d1b049f7f14c580c409d6ad925b74a4208a8",
                "sha256:394d4ddc64782e51153eadcaaca95144ac4c35e27ef9b0a42e121ae7e57a9175",
                "sha256:3bb2b7a1f7b685f85b11fed1ef10f8a9148bceb49853e47a294a3dd963c1dd7d",
                "sha256:4007b1393d902b48b36958a216c20c4482f601569d19ed1df294a496eb366392",
                "sha256:5a2221696a8224e335c28816a9d331a6c2ae15a2ee34ec857dcf3e45dbfa99ad",
                "sha256:63f626344343083322233f175aaf372d326de8436f5928c042639a4afbbf1d3f",
                "sha256:649fff99a20bd06c6f727d2a27f401331dc0cc861fb69cde910fe95b01b5928f",
                "sha256:680359d932801c76d2e9c9068d05c6b107f2584b2a5b88831c83962eb9984c1b",
                "sha256:846ea64c97afe3bc677b761787993be4991810ecc7a4a937816dd6bddedc4875",
                "sha256:b5e39e0fae001df40f95bd8cc36b9165c5e2ea88900167bddf258bacef9bbdc3",
                "sha256:ccfa1d0cb6200857f1923b602f978386a3a2758a65b52e0950299ea014be6800",
                "sha256:d37d422772111794b26757c5b55a3eade028aa3fde43121ab7b673d050949d65",
                "sha256:ddacb691cdcdf77b96f549cf9591701d8db36b2f19519373d60d31746068dbf2",
                "sha256:e6668650ea4b685440857138e5fe40cde4d652633b1bdffc62933d0db4ed9812",
                "sha256:f9da3333530dbcecc1be13e69c250ed8dfa67f43c4005fb537bb426e19200d50",
                "sha256:fe4d6476887de70546212c99ac9bd803d90b42fc4767f058a0baa895013fbb3e"
            ],
            "index": "pypi",
            "markers": "python_version >= '3.9'",
            "version": "==24.10.0"
        },
        "boto3-stubs": {
            "extras": [
                "backup"
            ],
            "hashes": [
                "sha256:b489ed82a55e71d72d2ae7aee7fedd05e22bc8836360ef9c6d55b610f3bf45d2",
                "sha256:c6c2853e51b3d330fe9862ffaa38e004bede8247e79d97a89bea09df8d0c3608"
            ],
            "markers": "python_version >= '3.9'",
            "version": "==1.42.4"
        },
        "botocore-stubs": {
            "hashes": [
                "sha256:0b6711abe0ceffe32fa572c0c683e93d9a17b2c4cff1b47a7b48bb784fe2dbcc",
                "sha256:5b8e63a1f62800945dcc824514fa0465f78ad2c8fe7a592b59f77ca19f1aa10b"
            ],
            "markers": "python_version >= '3.9'",
            "version": "==1.42.4"
        },
        "click": {
            "hashes": [
                "sha256:12ff4785d337a1bb490bb7e9c2b1ee5da3112e94a8622f26a6c77f5d2fc6842a",
                "sha256:981153a64e25f12d547d3426c367a4857371575ee7ad18df2a6183ab0545b2a6"
            ],
            "markers": "python_version >= '3.10'",
            "version": "==8.3.1"
        },
        "coverage": {
            "extras": [
                "toml"
            ],
            "hashes": [
                "sha256:01d24af36fedda51c2b1aca56e4330a3710f83b02a5ff3743a6b015ffa7c9384",
                "sha256:04a79245ab2b7a61688958f7a855275997134bc84f4a03bc240cf64ff132abf6",
                "sha256:083631eeff5eb9992c923e14b810a179798bb598e6a0dd60586819fc23be6e60",
                "sha256:099d11698385d572ceafb3288a5b80fe1fc58bf665b3f9d362389de488361d3d",
                "sha256:09a86acaaa8455f13d6a99221d9654df249b33937b4e212b4e5a822065f12aa7",
                "sha256:159d50c0b12e060b15ed3d39f87ed43d4f7f7ad40b8a534f4dd331adbb51104a",
                "sha256:172cf3a34bfef42611963e2b661302a8931f44df31629e5b1050567d6b90287d",
                "sha256:22a7aade354a72dff3b59c577bfd18d6945c61f97393bc5fb7bd293a4237024b",
                "sha256:24cff9d1f5743f67db7ba46ff284018a6e9aeb649b67aa1e70c396aa1b7cb23c",
                "sha256:29644c928772c78512b48e14156b81255000dcfd4817574ff69def189bcb3647",
                "sha256:297bc2da28440f5ae51c845a47c8175a4db0553a53827886e4fb25c66633000c",
                "sha256:2fd8354ed5d69775ac42986a691fbf68b4084278710cee9d7c3eaa0c28fa982a",
                "sha256:313672140638b6ddb2c6455ddeda41c6a0b208298034544cfca138978c6baed6",
                "sha256:31b8b2e38391a56e3cea39d22a23faaa7c3fc911751756ef6d2621d2a9daf742",
                "sha256:32b75c2ba3f324ee37af3ccee5b30458038c50b349ad9b88cee85096132a575b",
                "sha256:33baadc0efd5c7294f436a632566ccc1f72c867f82833eb59820ee37dc811c6f",
                "sha256:3ff651dcd36d2fea66877cd4a82de478004c59b849945446acb5baf9379a1b64",
                "sha256:40c867af715f22592e0d0fb533a33a71ec9e0f73a6945f722a0c85c8c1cbe3a2",
                "sha256:42435d46d6461a3b305cdfcad7cdd3248787771f53fe18305548cba474e6523b",
                "sha256:459443346509476170d553035e4a3eed7b860f4fe5242f02de1010501956ce87",
                "sha256:4648158fd8dd9381b5847622df1c90ff314efbfc1df4550092ab6013c238a5fc",
                "sha256:47324fffca8d8eae7e185b5bb20c14645f23350f870c1649003618ea91a78941",
                "sha256:473dc45d69694069adb7680c405fb1e81f60b2aff42c81e2f2c3feaf544d878c",
                "sha256:4b59b501455535e2e5dde5881739897967b272ba25988c89145c12d772810ccb",
                "sha256:4c589361263ab2953e3c4cd2a94db94c4ad4a8e572776ecfbad2389c626e4507",
                "sha256:51777647a749abdf6f6fd8c7cffab12de68ab93aab15efc72fbbb83036c2a068",
                "sha256:52ca620260bd8cd6027317bdd8b8ba929be1d741764ee765b42c4d79a408601e",
                "sha256:5560c7e0d82b42eb1951e4f68f071f8017c824ebfd5a6ebe42c60ac16c6c2434",
                "sha256:5734b5d913c3755e72f70bf6cc37a0518d4f4745cde760c5d8e12005e62f9832",
                "sha256:583f9adbefd278e9de33c33d6846aa8f5d164fa49b47144180a0e037f0688bb9",
                "sha256:58c1c6aa677f3a1411fe6fb28ec3a942e4f665df036a3608816e0847fad23296",
                "sha256:5b3c889c0b8b283a24d721a9eabc8ccafcfc3aebf167e4cd0d0e23bf8ec4e339",
                "sha256:5bcead88c8423e1855e64b8057d0544e33e4080b95b240c2a355334bb7ced937",
                "sha256:5ea5a9f7dc8877455b13dd1effd3202e0bca72f6f3ab09f9036b1bcf728f69ac",
                "sha256:5f3738279524e988d9da2893f307c2093815c623f8d05a8f79e3eff3a7a9e553",
                "sha256:68b0d0a2d84f333de875666259dadf28cc67858bc8fd8b3f1eae84d3c2bec455",
                "sha256:6d907ddccbca819afa2cd014bc69983b146cca2735a0b1e6259b2a6c10be1e70",
                "sha256:6e1a8c066dabcde56d5d9fed6a66bc19a2883a3fe051f0c397a41fc42aedd4cc",
                "sha256:6ff7651cc01a246908eac162a6a86fc0dbab6de1ad165dfb9a1e2ec660b44984",
                "sha256:737c3814903be30695b2de20d22bcc5428fdae305c61ba44cdc8b3252984c49c",
                "sha256:73f9e7fbd51a221818fd11b7090eaa835a353ddd59c236c57b2199486b116c6d",
                "sha256:76336c19a9ef4a94b2f8dc79f8ac2da3f193f625bb5d6f51a328cd19bfc19933",
                "sha256:7670d860e18b1e3ee5930b17a7d55ae6287ec6e55d9799982aa103a2cc1fa2ef",
                "sha256:79a44421cd5fba96aa57b5e3b5a4d3274c449d4c622e8f76882d76635501fd13",
                "sha256:7c1059b600aec6ef090721f8f633f60ed70afaffe8ecab85b59df748f24b31fe",
                "sha256:8638cbb002eaa5d7c8d04da667813ce1067080b9a91099801a0053086e52b736",
                "sha256:874fe69a0785d96bd066059cd4368022cebbec1a8958f224f0016979183916e6",
                "sha256:8787b0f982e020adb732b9f051f3e49dd5054cebbc3f3432061278512a2b1360",
                "sha256:8bb5b894b3ec09dcd6d3743229dc7f2c42ef7787dc40596ae04c0edda487371e",
                "sha256:907e0df1b71ba77463687a74149c6122c3f6aac56c2510a5d906b2f368208560",
                "sha256:90d58ac63bc85e0fb919f14d09d6caa63f35a5512a2205284b7816cafd21bb03",
                "sha256:9157a5e233c40ce6613dead4c131a006adfda70e557b6856b97aceed01b0e27a",
                "sha256:91b810a163ccad2e43b1faa11d70d3cf4b6f3d83f9fd5f2df82a32d47b648e0d",
                "sha256:950411f1eb5d579999c5f66c62a40961f126fc71e5e14419f004471957b51508",
                "sha256:99d5415c73ca12d558e07776bd957c4222c687b9f1d26fa0e1b57e3598bdcde8",
                "sha256:9b57e2d0ddd5f0582bae5437c04ee71c46cd908e7bc5d4d0391f9a41e812dd12",
                "sha256:9bb44c889fb68004e94cab71f6a021ec83eac9aeabdbb5a5a88821ec46e1da73",
                "sha256:a00594770eb715854fb1c57e0dea08cce6720cfbc531accdb9850d7c7770396c",
                "sha256:a1783ed5bd0d5938d4435014626568dc7f93e3cb99bc59188cc18857c47aa3c4",
                "sha256:a1c59b7dc169809a88b21a936eccf71c3895a78f5592051b1af8f4d59c2b4f92",
                "sha256:aa124a3683d2af98bd9d9c2bfa7a5076ca7e5ab09fdb96b81fa7d89376ae928f",
                "sha256:aa7d48520a32cb21c7a9b31f81799e8eaec7239db36c3b670be0fa2403828d1d",
                "sha256:b1518ecbad4e6173f4c6e6c4a46e49555ea5679bf3feda5edb1b935c7c44e8a0",
                "sha256:b1aab7302a87bafebfe76b12af681b56ff446dc6f32ed178ff9c092ca776e6bc",
                "sha256:b2089cc445f2dc0af6f801f0d1355c025b76c24481935303cf1af28f636688f0",
                "sha256:b365adc70a6936c6b0582dc38746b33b2454148c02349345412c6e743efb646d",
                "sha256:b527a08cdf15753279b7afb2339a12073620b761d79b81cbe2cdebdb43d90daa",
                "sha256:bc13baf85cd8a4cfcf4a35c7bc9d795837ad809775f782f697bf630b7e200211",
                "sha256:bcec6f47e4cb8a4c2dc91ce507f6eefc6a1b10f58df32cdc61dff65455031dfc",
                "sha256:c406a71f544800ef7e9e0000af706b88465f3573ae8b8de37e5f96c59f689ad1",
                "sha256:c5a6f20bf48b8866095c6820641e7ffbe23f2ac84a2efc218d91235e404c7777",
                "sha256:c87395744f5c77c866d0f5a43d97cc39e17c7f1cb0115e54a2fe67ca75c5d14d",
                "sha256:ca8ecfa283764fdda3eae1bdb6afe58bf78c2c3ec2b2edcb05a671f0bba7b3f9",
                "sha256:cb2a1b6ab9fe833714a483a915de350abc624a37149649297624c8d57add089c",
                "sha256:ccf3b2ede91decd2fb53ec73c1f949c3e034129d1e0b07798ff1d02ea0c8fa4a",
                "sha256:ce61969812d6a98a981d147d9ac583a36ac7db7766f2e64a9d4d059c2fe29d07",
                "sha256:d6c2e26b481c9159c2773a37947a9718cfdc58893029cdfb177531793e375cfc",
                "sha256:d7e0d0303c13b54db495eb636bc2465b2fb8475d4c8bcec8fe4b5ca454dfbae8",
                "sha256:d8842f17095b9868a05837b7b1b73495293091bed870e099521ada176aa3e00e",
                "sha256:d93fbf446c31c0140208dcd07c5d882029832e8ed7891a39d6d44bd65f2316c3",
                "sha256:dcbb630ab034e86d2a0f79aefd2be07e583202f41e037602d438c80044957baa",
                "sha256:e0d68c1f7eabbc8abe582d11fa393ea483caf4f44b0af86881174769f185c94d",
                "sha256:e0f483ab4f749039894abaf80c2f9e7ed77bbf3c737517fb88c8e8e305896a17",
                "sha256:e71bba6a40883b00c6d571599b4627f50c360b3d0d02bfc658168936be74027b",
                "sha256:e84da3a0fd233aeec797b981c51af1cabac74f9bd67be42458365b30d11b5291",
                "sha256:e949ebf60c717c3df63adb4a1a366c096c8d7fd8472608cd09359e1bd48ef59f",
                "sha256:f3433ffd541380f3a0e423cff0f4926d55b0cc8c1d160fdc3be24a4c03aa65f7",
                "sha256:f7ba9da4726e446d8dd8aae5a6cd872511184a5d861de80a86ef970b5dacce3e",
                "sha256:f7bbb321d4adc9f65e402c677cd1c8e4c2d0105d3ce285b51b4d87f1d5db5245",
                "sha256:f999813dddeb2a56aab5841e687b68169da0d3f6fc78ccf50952fa2463746022",
                "sha256:fc11e0a4e372cb5f282f16ef90d4a585034050ccda536451901abfb19a57f40c",
                "sha256:fdba9f15849534594f60b47c9a30bc70409b54947319a7c4fd0e8e3d8d2f355d"
            ],
            "markers": "python_version >= '3.10'",
            "version": "==7.12.0"
        },
        "iniconfig": {
            "hashes": [
                "sha256:c76315c77db068650d49c5b56314774a7804df16fee4402c1f19d6d15d8c4730",
                "sha256:f631c04d2c48c52b84d0d0549c99ff3859c98df65b3101406327ecc7d53fbf12"
            ],
            "markers": "python_version >= '3.10'",
            "version": "==2.3.0"
        },
        "librt": {
            "hashes": [
                "sha256:020c6db391268bcc8ce75105cb572df8cb659a43fd347366aaa407c366e5117a",
                "sha256:0fa9ac2e49a6bee56e47573a6786cb635e128a7b12a0dc7851090037c0d397a3",
                "sha256:11ad45122bbed42cfc8b0597450660126ef28fd2d9ae1a219bc5af8406f95678",
                "sha256:120dd21d46ff875e849f1aae19346223cf15656be489242fe884036b23d39e93",
                "sha256:14569ac5dd38cfccf0a14597a88038fb16811a6fede25c67b79c6d50fc2c8fdc",
                "sha256:1617bea5ab31266e152871208502ee943cb349c224846928a1173c864261375e",
                "sha256:170cdb8436188347af17bf9cccf3249ba581c933ed56d926497119d4cf730cec",
                "sha256:1975eda520957c6e0eb52d12968dd3609ffb7eef05d4223d097893d6daf1d8a7",
                "sha256:1fe603877e1865b5fd047a5e40379509a4a60204aa7aa0f72b16f7a41c3f0712",
                "sha256:24d70810f6e2ea853ff79338001533716b373cc0f63e2a0be5bc96129edb5fb5",
                "sha256:256793988bff98040de23c57cf36e1f4c2f2dc3dcd17537cdac031d3b681db71",
                "sha256:25711f364c64cab2c910a0247e90b51421e45dbc8910ceeb4eac97a9e132fc6f",
                "sha256:2682162855a708e3270eba4b92026b93f8257c3e65278b456c77631faf0f4f7a",
                "sha256:2cf9d73499486ce39eebbff5f42452518cc1f88d8b7ea4a711ab32962b176ee2",
                "sha256:2e40520c37926166c24d0c2e0f3bc3a5f46646c34bdf7b4ea9747c297d6ee809",
                "sha256:2e980cf1ed1a2420a6424e2ed884629cdead291686f1048810a817de07b5eb18",
                "sha256:2f03484b54bf4ae80ab2e504a8d99d20d551bfe64a7ec91e218010b467d77093",
                "sha256:35f1609e3484a649bb80431310ddbec81114cd86648f1d9482bc72a3b86ded2e",
                "sha256:399938edbd3d78339f797d685142dd8a623dfaded023cf451033c85955e4838a",
                "sha256:399bbd7bcc1633c3e356ae274a1deb8781c7bf84d9c7962cc1ae0c6e87837292",
                "sha256:3ec50cf65235ff5c02c5b747748d9222e564ad48597122a361269dd3aa808798",
                "sha256:3edbf257c40d21a42615e9e332a6b10a8bacaaf58250aed8552a14a70efd0d65",
                "sha256:440c788f707c061d237c1e83edf6164ff19f5c0f823a3bf054e88804ebf971ec",
                "sha256:44b3689b040df57f492e02cd4f0bacd1b42c5400e4b8048160c9d5e866de8abe",
                "sha256:4887c29cadbdc50640179e3861c276325ff2986791e6044f73136e6e798ff806",
                "sha256:5460d99ed30f043595bbdc888f542bad2caeb6226b01c33cda3ae444e8f82d42",
                "sha256:550fdbfbf5bba6a2960b27376ca76d6aaa2bd4b1a06c4255edd8520c306fcfc0",
                "sha256:56f2a47beda8409061bc1c865bef2d4bd9ff9255219402c0817e68ab5ad89aed",
                "sha256:572a24fc5958c61431da456a0ef1eeea6b4989d81eeb18b8e5f1f3077592200b",
                "sha256:59cb0470612d21fa1efddfa0dd710756b50d9c7fb6c1236bbf8ef8529331dc70",
                "sha256:6038ccbd5968325a5d6fd393cf6e00b622a8de545f0994b89dd0f748dcf3e19e",
                "sha256:6488e69d408b492e08bfb68f20c4a899a354b4386a446ecd490baff8d0862720",
                "sha256:687403cced6a29590e6be6964463835315905221d797bc5c934a98750fe1a9af",
                "sha256:6b407c23f16ccc36614c136251d6b32bf30de7a57f8e782378f1107be008ddb0",
                "sha256:6b4e7bff1d76dd2b46443078519dc75df1b5e01562345f0bb740cea5266d8218",
                "sha256:6bdd9adfca615903578d2060ee8a6eb1c24eaf54919ff0ddc820118e5718931b",
                "sha256:6eb9295c730e26b849ed1f4022735f36863eb46b14b6e10604c1c39b8b5efaea",
                "sha256:703456146dc2bf430f7832fd1341adac5c893ec3c1430194fdcefba00012555c",
                "sha256:754a0d09997095ad764ccef050dd5bf26cbf457aab9effcba5890dad081d879e",
                "sha256:7af7785f5edd1f418da09a8cdb9ec84b0213e23d597413e06525340bcce1ea4f",
                "sha256:7b29e97273bd6999e2bfe9fe3531b1f4f64effd28327bced048a33e49b99674a",
                "sha256:7b4f57f7a0c65821c5441d98c47ff7c01d359b1e12328219709bdd97fdd37f90",
                "sha256:8837d5a52a2d7aa9f4c3220a8484013aed1d8ad75240d9a75ede63709ef89055",
                "sha256:8ccadf260bb46a61b9c7e89e2218f6efea9f3eeaaab4e3d1f58571890e54858e",
                "sha256:8d8cf653e798ee4c4e654062b633db36984a1572f68c3aa25e364a0ddfbbb910",
                "sha256:93b2a1f325fefa1482516ced160c8c7b4b8d53226763fa6c93d151fa25164207",
                "sha256:9f0e0927efe87cd42ad600628e595a1a0aa1c64f6d0b55f7e6059079a428641a",
                "sha256:a59a69deeb458c858b8fea6acf9e2acd5d755d76cd81a655256bc65c20dfff5b",
                "sha256:a9f9b661f82693eb56beb0605156c7fca57f535704ab91837405913417d6990b",
                "sha256:abfc57cab3c53c4546aee31859ef06753bfc136c9d208129bad23e2eca39155a",
                "sha256:aca73d70c3f553552ba9133d4a09e767dcfeee352d8d8d3eb3f77e38a3beb3ed",
                "sha256:adeaa886d607fb02563c1f625cf2ee58778a2567c0c109378da8f17ec3076ad7",
                "sha256:b278a9248a4e3260fee3db7613772ca9ab6763a129d6d6f29555e2f9b168216d",
                "sha256:b7c1239b64b70be7759554ad1a86288220bbb04d68518b527783c4ad3fb4f80b",
                "sha256:bf8c7735fbfc0754111f00edda35cf9e98a8d478de6c47b04eaa9cef4300eaa7",
                "sha256:c634a0a6db395fdaba0361aa78395597ee72c3aad651b9a307a3a7eaf5efd67e",
                "sha256:cad9971881e4fec00d96af7eaf4b63aa7a595696fc221808b0d3ce7ca9743258",
                "sha256:cbdb3f337c88b43c3b49ca377731912c101178be91cb5071aac48faa898e6f8e",
                "sha256:cd8551aa21df6c60baa2624fd086ae7486bdde00c44097b32e1d1b1966e365e0",
                "sha256:d09f677693328503c9e492e33e9601464297c01f9ebd966ea8fc5308f3069bfd",
                "sha256:d376a35c6561e81d2590506804b428fc1075fcc6298fc5bb49b771534c0ba010",
                "sha256:d39079379a9a28e74f4d57dc6357fa310a1977b51ff12239d7271ec7e71d67f5",
                "sha256:d86f94743a11873317094326456b23f8a5788bad9161fd2f0e52088c33564620",
                "sha256:d91e60ac44bbe3a77a67af4a4c13114cbe9f6d540337ce22f2c9eaf7454ca71f",
                "sha256:d9883b2d819ce83f87ba82a746c81d14ada78784db431e57cc9719179847376e",
                "sha256:e094e445c37c57e9ec612847812c301840239d34ccc5d153a982fa9814478c60",
                "sha256:e19acfde38cb532a560b98f473adc741c941b7a9bc90f7294bc273d08becb58b",
                "sha256:e32d43610dff472eab939f4d7fbdd240d1667794192690433672ae22d7af8445",
                "sha256:ed028fc3d41adda916320712838aec289956c89b4f0a361ceadf83a53b4c047a",
                "sha256:ef59c938f72bdbc6ab52dc50f81d0637fde0f194b02d636987cea2ab30f8f55a",
                "sha256:f3d4801db8354436fd3936531e7f0e4feb411f62433a6b6cb32bb416e20b529f",
                "sha256:f57aca20e637750a2c18d979f7096e2c2033cc40cf7ed201494318de1182f135",
                "sha256:f9da128d0edf990cf0d2ca011b02cd6f639e79286774bd5b0351245cbb5a6e51",
                "sha256:fbd7351d43b80d9c64c3cfcb50008f786cc82cba0450e8599fdd64f264320bd3",
                "sha256:fcb72249ac4ea81a7baefcbff74df7029c3cb1cf01a711113fa052d563639c9c",
                "sha256:ff21c554304e8226bf80c3a7754be27c6c3549a9fec563a03c06ee8f494da8fc"
            ],
            "markers": "python_version >= '3.9'",
            "version": "==0.7.3"
        },
        "mypy": {
            "hashes": [
                "sha256:0c01c99d626380752e527d5ce8e69ffbba2046eb8a060db0329690849cf9b6f9",
                "sha256:0dde5cb375cb94deff0d4b548b993bec52859d1651e073d63a1386d392a95495",
                "sha256:0e3c3d1e1d62e678c339e7ade72746a9e0325de42cd2cccc51616c7b2ed1a018",
                "sha256:0ea4fd21bb48f0da49e6d3b37ef6bd7e8228b9fe41bbf4d80d9364d11adbd43c",
                "sha256:0fb3115cb8fa7c5f887c8a8d81ccdcb94cff334684980d847e5a62e926910e1d",
                "sha256:11f7254c15ab3f8ed68f8e8f5cbe88757848df793e31c36aaa4d4f9783fd08ab",
                "sha256:120cffe120cca5c23c03c77f84abc0c14c5d2e03736f6c312480020082f1994b",
                "sha256:16f76ff3f3fd8137aadf593cb4607d82634fca675e8211ad75c43d86033ee6c6",
                "sha256:1cf9c59398db1c68a134b0b5354a09a1e124523f00bacd68e553b8bd16ff3299",
                "sha256:318ba74f75899b0e78b847d8c50821e4c9637c79d9a59680fc1259f29338cb3e",
                "sha256:3210d87b30e6af9c8faed61be2642fcbe60ef77cec64fa1ef810a630a4cf671c",
                "sha256:34ec1ac66d31644f194b7c163d7f8b8434f1b49719d403a5d26c87fff7e913f7",
                "sha256:37af5166f9475872034b56c5efdcf65ee25394e9e1d172907b84577120714364",
                "sha256:3ad925b14a0bb99821ff6f734553294aa6a3440a8cb082fe1f5b84dfb662afb1",
                "sha256:510c014b722308c9bd377993bcbf9a07d7e0692e5fa8fc70e639c1eb19fc6bee",
                "sha256:6016c52ab209919b46169651b362068f632efcd5eb8ef9d1735f6f86da7853b2",
                "sha256:6148ede033982a8c5ca1143de34c71836a09f105068aaa8b7d5edab2b053e6c8",
                "sha256:63ea6a00e4bd6822adbfc75b02ab3653a17c02c4347f5bb0cf1d5b9df3a05835",
                "sha256:7686ed65dbabd24d20066f3115018d2dce030d8fa9db01aa9f0a59b6813e9f9e",
                "sha256:7a500ab5c444268a70565e374fc803972bfd1f09545b13418a5174e29883dab7",
                "sha256:8f44f2ae3c58421ee05fe609160343c25f70e3967f6e32792b5a78006a9d850f",
                "sha256:a18d8abdda14035c5718acb748faec09571432811af129bf0d9e7b2d6699bf18",
                "sha256:a31e4c28e8ddb042c84c5e977e28a21195d086aaffaf08b016b78e19c9ef8106",
                "sha256:a9ac09e52bb0f7fb912f5d2a783345c72441a08ef56ce3e17c1752af36340a39",
                "sha256:b9d491295825182fba01b6ffe2c6fe4e5a49dbf4e2bb4d1217b6ced3b4797bc6",
                "sha256:c14a98bc63fd867530e8ec82f217dae29d0550c86e70debc9667fff1ec83284e",
                "sha256:c3385246593ac2b97f155a0e9639be906e73534630f663747c71908dfbf26134",
                "sha256:cabbee74f29aa9cd3b444ec2f1e4fa5a9d0d746ce7567a6a609e224429781f53",
                "sha256:cb64b0ba5980466a0f3f9990d1c582bcab8db12e29815ecb57f1408d99b4bff7",
                "sha256:cf7d84f497f78b682edd407f14a7b6e1a2212b433eedb054e2081380b7395aa3",
                "sha256:e2c1101ab41d01303103ab6ef82cbbfedb81c1a060c868fa7cc013d573d37ab5",
                "sha256:f188dcf16483b3e59f9278c4ed939ec0254aa8a60e8fc100648d9ab5ee95a431",
                "sha256:f2e36bed3c6d9b5f35d28b63ca4b727cb0228e480826ffc8953d1892ddc8999d",
                "sha256:f3e19e3b897562276bb331074d64c076dbdd3e79213f36eed4e592272dabd760",
                "sha256:f6b874ca77f733222641e5c46e4711648c4037ea13646fd0cdc814c2eaec2528",
                "sha256:f75e60aca3723a23511948539b0d7ed514dda194bc3755eae0bfc7a6b4887aa7",
                "sha256:fc51a5b864f73a3a182584b1ac75c404396a17eced54341629d8bdcb644a5bba",
                "sha256:fd4a985b2e32f23bead72e2fb4bbe5d6aceee176be471243bd831d5b2644672d"
            ],
            "index": "pypi",
            "markers": "python_version >= '3.9'",
            "version": "==1.19.0"
        },
        "mypy-boto3-backup": {
            "hashes": [
                "sha256:112b31369aaa639eaba9bc1e40ba5c2c3036e62ebe039f6188e07d01493e5bc9",
                "sha256:cafdad8b020a2796c89a9f8b61e80eff3e796bf1e35cc23183e39ae0936b43a9"
            ],
            "markers": "python_version >= '3.9'",
            "version": "==1.42.3"
        },
        "mypy-extensions": {
            "hashes": [
                "sha256:1be4cccdb0f2482337c4743e60421de3a356cd97508abadd57d47403e94f5505",
                "sha256:52e68efc3284861e772bbcd66823fde5ae21fd2fdb51c62a211403730b916558"
            ],
            "markers": "python_version >= '3.8'",
            "version": "==1.1.0"
        },
        "packaging": {
            "hashes": [
                "sha256:29572ef2b1f17581046b3a2227d5c611fb25ec70ca1ba8554b24b0e69331a484",
                "sha256:d443872c98d677bf60f6a1f2f8c1cb748e8fe762d2bf9d3148b5599295b0fc4f"
            ],
            "markers": "python_version >= '3.8'",
            "version": "==25.0"
        },
        "pathspec": {
            "hashes": [
                "sha256:a0d503e138a4c123b27490a4f7beda6a01c6f288df0e4a8b79c7eb0dc7b4cc08",
                "sha256:a482d51503a1ab33b1c67a6c3813a26953dbdc71c31dacaef9a838c4e29f5712"
            ],
            "markers": "python_version >= '3.8'",
            "version": "==0.12.1"
        },
        "platformdirs": {
            "hashes": [
                "sha256:61d5cdcc6065745cdd94f0f878977f8de9437be93de97c1c12f853c9c0cdcbda",
                "sha256:d03afa3963c806a9bed9d5125c8f4cb2fdaf74a55ab60e5d59b3fde758104d31"
            ],
            "markers": "python_version >= '3.10'",
            "version": "==4.5.1"
        },
        "pluggy": {
            "hashes": [
                "sha256:7dcc130b76258d33b90f61b658791dede3486c3e6bfb003ee5c9bfb396dd22f3",
                "sha256:e920276dd6813095e9377c0bc5566d94c932c33b27a3e3945d8389c374dd4746"
            ],
            "markers": "python_version >= '3.9'",
            "version": "==1.6.0"
        },
        "pygments": {
            "hashes": [
                "sha256:636cb2477cec7f8952536970bc533bc43743542f70392ae026374600add5b887",
                "sha256:86540386c03d588bb81d44bc3928634ff26449851e99741617ecb9037ee5ec0b"
            ],
            "markers": "python_version >= '3.8'",
            "version": "==2.19.2"
        },
        "pytest": {
            "hashes": [
                "sha256:86c0d0b93306b961d58d62a4db4879f27fe25513d4b969df351abdddb3c30e01",
                "sha256:872f880de3fc3a5bdc88a11b39c9710c3497a547cfa9320bc3c5e62fbf272e79"
            ],
            "index": "pypi",
            "markers": "python_version >= '3.9'",
            "version": "==8.4.2"
        },
        "pytest-cov": {
            "hashes": [
                "sha256:35c580e7800f87ce892e687461166e1ac2bcb8fb9e13aea79032518d6e503ff2",
                "sha256:440db28156d2468cafc0415b4f8e50856a0d11faefa38f30906048fe490f1749"
            ],
            "index": "pypi",
            "markers": "python_version >= '3.9'",
            "version": "==6.3.0"
        },
        "pytest-mock": {
            "hashes": [
                "sha256:0a25e2eb88fe5168d535041d09a4529a188176ae608a6d249ee65abc0949630d",
                "sha256:1849a238f6f396da19762269de72cb1814ab44416fa73a8686deac10b0d87a0f"
            ],
            "index": "pypi",
            "markers": "python_version >= '3.9'",
            "version": "==3.15.1"
        },
        "ruff": {
            "hashes": [
                "sha256:15f04cb45c051159baebb0f0037f404f1dc2f15a927418f29730f411a79bc4e7",
                "sha256:1af35c2d62633d4da0521178e8a2641c636d2a7153da0bac1b30cfd4ccd91344",
                "sha256:1d62cb310c4fbcb9ee4ac023fe17f984ae1e12b8a4a02e3d21489f9a2a5f730c",
                "sha256:21d48fa744c9d1cb8d71eb0a740c4dd02751a5de9db9a730a8ef75ca34cf138e",
                "sha256:25add4575ffecc53d60eed3f24b1e934493631b48ebbc6ebaf9d8517924aca4b",
                "sha256:2c87e09b3cd9d126fc67a9ecd3b5b1d3ded2b9c7fce3f16e315346b9d05cfb52",
                "sha256:2e2fcbefe91f9fad0916850edf0854530c15bd1926b6b779de47e9ab619ea38f",
                "sha256:4c943d847b7f02f7db4201a0600ea7d244d8a404fbb639b439e987edcf2baf9a",
                "sha256:774ed0dd87d6ce925e3b8496feb3a00ac564bea52b9feb551ecd17e0a23d1eed",
                "sha256:7aaf2974f378e6b01d1e257c6948207aec6a9b5ba53fab23d0182efb887a0e4a",
                "sha256:8cdb162a7159f4ca36ce980a18c43d8f036966e7f73f866ac8f493b75e0c27e9",
                "sha256:965a582c93c63fe715fd3e3f8aa37c4b776777203d8e1d8aa3cc0c14424a4b99",
                "sha256:9eeb0b24242b5bbff3011409a739929f497f3fb5fe3b5698aba5e77e8c833097",
                "sha256:a9d70721066a296f45786ec31916dc287b44040f553da21564de0ab4d45a869b",
                "sha256:cb6e8bf7b4f627548daa1b69283dac5a296bfe9ce856703b03130732e20ddfe2",
                "sha256:e5758ca513c43ad8a4ef13f0f081f80f08008f410790f3611a21a92421ab045b",
                "sha256:ec071e9c82eca417f6111fd39f7043acb53cd3fde9b1f95bbed745962e345afb",
                "sha256:eed28f6fafcc9591994c42254f5a5c5ca40e69a30721d2ab18bb0bb3baac3ab6",
                "sha256:f74f7ba163b6e85a8d81a590363bf71618847e5078d90827749bfda1d88c9cdf"
            ],
            "index": "pypi",
            "markers": "python_version >= '3.7'",
            "version": "==0.14.8"
        },
        "types-awscrt": {
            "hashes": [
                "sha256:3f5d1e6c99b0b551af6365f9c04d8ce2effbcfe18bb719a34501efea279ae7bb",
                "sha256:41e01e14d646877bd310e7e3c49ff193f8361480b9568e97b1639775009bbefa"
            ],
            "markers": "python_version >= '3.8'",
            "version": "==0.29.2"
        },
        "types-s3transfer": {
            "hashes": [
                "sha256:1e617b14a9d3ce5be565f4b187fafa1d96075546b52072121f8fda8e0a444aed",
                "sha256:43a523e0c43a88e447dfda5f4f6b63bf3da85316fdd2625f650817f2b170b5f7"
            ],
            "markers": "python_version >= '3.8'",
            "version": "==0.15.0"
        },
        "typing-extensions": {
            "hashes": [
                "sha256:0cea48d173cc12fa28ecabc3b837ea3cf6f38c6d1136f85cbaaf598984861466",
                "sha256:f0fa19c6845758ab08074a0cfa8b7aecb71c999ca73d62883bc25cc018c4e548"
            ],
            "markers": "python_version >= '3.9'",
            "version": "==4.15.0"
        }
    }
}
